
Microsoft Visual Studio Solution File, Format Version 12.00
# Visual Studio Version 17
VisualStudioVersion = 17.9.34728.123
MinimumVisualStudioVersion = 10.0.40219.1
Project("{FAE04EC0-301F-11D3-BF4B-00C04F79EFBC}") = "exercicios-rest-api", "exercicios-rest-api.csproj", "{79B0E62B-B130-4E7E-817B-BE7C174095B4}"
EndProject
Global
	GlobalSection(SolutionConfigurationPlatforms) = preSolution
		Debug|Any CPU = Debug|Any CPU
		Release|Any CPU = Release|Any CPU
	EndGlobalSection
	GlobalSection(ProjectConfigurationPlatforms) = postSolution
		{79B0E62B-B130-4E7E-817B-BE7C174095B4}.Debug|Any CPU.ActiveCfg = Debug|Any CPU
		{79B0E62B-B130-4E7E-817B-BE7C174095B4}.Debug|Any CPU.Build.0 = Debug|Any CPU
		{79B0E62B-B130-4E7E-817B-BE7C174095B4}.Release|Any CPU.ActiveCfg = Release|Any CPU
		{79B0E62B-B130-4E7E-817B-BE7C174095B4}.Release|Any CPU.Build.0 = Release|Any CPU
	EndGlobalSection
	GlobalSection(SolutionProperties) = preSolution
		HideSolutionNode = FALSE
	EndGlobalSection
	GlobalSection(ExtensibilityGlobals) = postSolution
		SolutionGuid = {6CE83D19-5DD4-4AC4-B76D-A7E27B969FB0}
	EndGlobalSection
EndGlobal
